// !$*UTF8*$!
{
	archiveVersion = 1;
	classes = {
	};
	objectVersion = 50;
	objects = {

/* Begin PBXBuildFile section */
		DA24DAB42157977E006E3FE0 /* AppDelegate.swift in Sources */ = {isa = PBXBuildFile; fileRef = DA24DAB32157977E006E3FE0 /* AppDelegate.swift */; };
		DA24DAB62157977E006E3FE0 /* ViewController.swift in Sources */ = {isa = PBXBuildFile; fileRef = DA24DAB52157977E006E3FE0 /* ViewController.swift */; };
		DA24DAB92157977E006E3FE0 /* Main.storyboard in Resources */ = {isa = PBXBuildFile; fileRef = DA24DAB72157977E006E3FE0 /* Main.storyboard */; };
		DA24DABB21579780006E3FE0 /* Assets.xcassets in Resources */ = {isa = PBXBuildFile; fileRef = DA24DABA21579780006E3FE0 /* Assets.xcassets */; };
		DA24DABE21579780006E3FE0 /* LaunchScreen.storyboard in Resources */ = {isa = PBXBuildFile; fileRef = DA24DABC21579780006E3FE0 /* LaunchScreen.storyboard */; };
		DA24DAC921579780006E3FE0 /* TuriMLTests.swift in Sources */ = {isa = PBXBuildFile; fileRef = DA24DAC821579780006E3FE0 /* TuriMLTests.swift */; };
		DA24DAD421579780006E3FE0 /* TuriMLUITests.swift in Sources */ = {isa = PBXBuildFile; fileRef = DA24DAD321579780006E3FE0 /* TuriMLUITests.swift */; };
/* End PBXBuildFile section */

/* Begin PBXContainerItemProxy section */
		DA24DAC521579780006E3FE0 /* PBXContainerItemProxy */ = {
			isa = PBXContainerItemProxy;
			containerPortal = DA24DAA82157977E006E3FE0 /* Project object */;
			proxyType = 1;
			remoteGlobalIDString = DA24DAAF2157977E006E3FE0;
			remoteInfo = TuriML;
		};
		DA24DAD021579780006E3FE0 /* PBXContainerItemProxy */ = {
			isa = PBXContainerItemProxy;
			containerPortal = DA24DAA82157977E006E3FE0 /* Project object */;
			proxyType = 1;
			remoteGlobalIDString = DA24DAAF2157977E006E3FE0;
			remoteInfo = TuriML;
		};
/* End PBXContainerItemProxy section */

/* Begin PBXFileReference section */
		DA24DAB02157977E006E3FE0 /* TuriML.app */ = {isa = PBXFileReference; explicitFileType = wrapper.application; includeInIndex = 0; path = TuriML.app; sourceTree = BUILT_PRODUCTS_DIR; };
		DA24DAB32157977E006E3FE0 /* AppDelegate.swift */ = {isa = PBXFileReference; lastKnownFileType = sourcecode.swift; path = AppDelegate.swift; sourceTree = "<group>"; };
		DA24DAB52157977E006E3FE0 /* ViewController.swift */ = {isa = PBXFileReference; lastKnownFileType = sourcecode.swift; path = ViewController.swift; sourceTree = "<group>"; };
		DA24DAB82157977E006E3FE0 /* Base */ = {isa = PBXFileReference; lastKnownFileType = file.storyboard; name = Base; path = Base.lproj/Main.storyboard; sourceTree = "<group>"; };
		DA24DABA21579780006E3FE0 /* Assets.xcassets */ = {isa = PBXFileReference; lastKnownFileType = folder.assetcatalog; path = Assets.xcassets; sourceTree = "<group>"; };
		DA24DABD21579780006E3FE0 /* Base */ = {isa = PBXFileReference; lastKnownFileType = file.storyboard; name = Base; path = Base.lproj/LaunchScreen.storyboard; sourceTree = "<group>"; };
		DA24DABF21579780006E3FE0 /* Info.plist */ = {isa = PBXFileReference; lastKnownFileType = text.plist.xml; path = Info.plist; sourceTree = "<group>"; };
		DA24DAC421579780006E3FE0 /* TuriMLTests.xctest */ = {isa = PBXFileReference; explicitFileType = wrapper.cfbundle; includeInIndex = 0; path = TuriMLTests.xctest; sourceTree = BUILT_PRODUCTS_DIR; };
		DA24DAC821579780006E3FE0 /* TuriMLTests.swift */ = {isa = PBXFileReference; lastKnownFileType = sourcecode.swift; path = TuriMLTests.swift; sourceTree = "<group>"; };
		DA24DACA21579780006E3FE0 /* Info.plist */ = {isa = PBXFileReference; lastKnownFileType = text.plist.xml; path = Info.plist; sourceTree = "<group>"; };
		DA24DACF21579780006E3FE0 /* TuriMLUITests.xctest */ = {isa = PBXFileReference; explicitFileType = wrapper.cfbundle; includeInIndex = 0; path = TuriMLUITests.xctest; sourceTree = BUILT_PRODUCTS_DIR; };
		DA24DAD321579780006E3FE0 /* TuriMLUITests.swift */ = {isa = PBXFileReference; lastKnownFileType = sourcecode.swift; path = TuriMLUITests.swift; sourceTree = "<group>"; };
		DA24DAD521579780006E3FE0 /* Info.plist */ = {isa = PBXFileReference; lastKnownFileType = text.plist.xml; path = Info.plist; sourceTree = "<group>"; };
/* End PBXFileReference section */

/* Begin PBXFrameworksBuildPhase section */
		DA24DAAD2157977E006E3FE0 /* Frameworks */ = {
			isa = PBXFrameworksBuildPhase;
			buildActionMask = 2147483647;
			files = (
			);
			runOnlyForDeploymentPostprocessing = 0;
		};
		DA24DAC121579780006E3FE0 /* Frameworks */ = {
			isa = PBXFrameworksBuildPhase;
			buildActionMask = 2147483647;
			files = (
			);
			runOnlyForDeploymentPostprocessing = 0;
		};
		DA24DACC21579780006E3FE0 /* Frameworks */ = {
			isa = PBXFrameworksBuildPhase;
			buildActionMask = 2147483647;
			files = (
			);
			runOnlyForDeploymentPostprocessing = 0;
		};
/* End PBXFrameworksBuildPhase section */

/* Begin PBXGroup section */
		DA24DAA72157977E006E3FE0 = {
			isa = PBXGroup;
			children = (
				DA24DAB22157977E006E3FE0 /* TuriML */,
				DA24DAC721579780006E3FE0 /* TuriMLTests */,
				DA24DAD221579780006E3FE0 /* TuriMLUITests */,
				DA24DAB12157977E006E3FE0 /* Products */,
			);
			sourceTree = "<group>";
		};
		DA24DAB12157977E006E3FE0 /* Products */ = {
			isa = PBXGroup;
			children = (
				DA24DAB02157977E006E3FE0 /* TuriML.app */,
				DA24DAC421579780006E3FE0 /* TuriMLTests.xctest */,
				DA24DACF21579780006E3FE0 /* TuriMLUITests.xctest */,
			);
			name = Products;
			sourceTree = "<group>";
		};
		DA24DAB22157977E006E3FE0 /* TuriML */ = {
			isa = PBXGroup;
			children = (
				DA24DAB32157977E006E3FE0 /* AppDelegate.swift */,
				DA24DAB52157977E006E3FE0 /* ViewController.swift */,
				DA24DAB72157977E006E3FE0 /* Main.storyboard */,
				DA24DABA21579780006E3FE0 /* Assets.xcassets */,
				DA24DABC21579780006E3FE0 /* LaunchScreen.storyboard */,
				DA24DABF21579780006E3FE0 /* Info.plist */,
			);
			path = TuriML;
			sourceTree = "<group>";
		};
		DA24DAC721579780006E3FE0 /* TuriMLTests */ = {
			isa = PBXGroup;
			children = (
				DA24DAC821579780006E3FE0 /* TuriMLTests.swift */,
				DA24DACA21579780006E3FE0 /* Info.plist */,
			);
			path = TuriMLTests;
			sourceTree = "<group>";
		};
		DA24DAD221579780006E3FE0 /* TuriMLUITests */ = {
			isa = PBXGroup;
			children = (
				DA24DAD321579780006E3FE0 /* TuriMLUITests.swift */,
				DA24DAD521579780006E3FE0 /* Info.plist */,
			);
			path = TuriMLUITests;
			sourceTree = "<group>";
		};
/* End PBXGroup section */

/* Begin PBXNativeTarget section */
		DA24DAAF2157977E006E3FE0 /* TuriML */ = {
			isa = PBXNativeTarget;
			buildConfigurationList = DA24DAD821579780006E3FE0 /* Build configuration list for PBXNativeTarget "TuriML" */;
			buildPhases = (
				DA24DAAC2157977E006E3FE0 /* Sources */,
				DA24DAAD2157977E006E3FE0 /* Frameworks */,
				DA24DAAE2157977E006E3FE0 /* Resources */,
			);
			buildRules = (
			);
			dependencies = (
			);
			name = TuriML;
			productName = TuriML;
			productReference = DA24DAB02157977E006E3FE0 /* TuriML.app */;
			productType = "com.apple.product-type.application";
		};
		DA24DAC321579780006E3FE0 /* TuriMLTests */ = {
			isa = PBXNativeTarget;
			buildConfigurationList = DA24DADB21579780006E3FE0 /* Build configuration list for PBXNativeTarget "TuriMLTests" */;
			buildPhases = (
				DA24DAC021579780006E3FE0 /* Sources */,
				DA24DAC121579780006E3FE0 /* Frameworks */,
				DA24DAC221579780006E3FE0 /* Resources */,
			);
			buildRules = (
			);
			dependencies = (
				DA24DAC621579780006E3FE0 /* PBXTargetDependency */,
			);
			name = TuriMLTests;
			productName = TuriMLTests;
			productReference = DA24DAC421579780006E3FE0 /* TuriMLTests.xctest */;
			productType = "com.apple.product-type.bundle.unit-test";
		};
		DA24DACE21579780006E3FE0 /* TuriMLUITests */ = {
			isa = PBXNativeTarget;
			buildConfigurationList = DA24DADE21579780006E3FE0 /* Build configuration list for PBXNativeTarget "TuriMLUITests" */;
			buildPhases = (
				DA24DACB21579780006E3FE0 /* Sources */,
				DA24DACC21579780006E3FE0 /* Frameworks */,
				DA24DACD21579780006E3FE0 /* Resources */,
			);
			buildRules = (
			);
			dependencies = (
				DA24DAD121579780006E3FE0 /* PBXTargetDependency */,
			);
			name = TuriMLUITests;
			productName = TuriMLUITests;
			productReference = DA24DACF21579780006E3FE0 /* TuriMLUITests.xctest */;
			productType = "com.apple.product-type.bundle.ui-testing";
		};
/* End PBXNativeTarget section */

/* Begin PBXProject section */
		DA24DAA82157977E006E3FE0 /* Project object */ = {
			isa = PBXProject;
			attributes = {
				LastSwiftUpdateCheck = 1000;
				LastUpgradeCheck = 1000;
				ORGANIZATIONNAME = vobu;
				TargetAttributes = {
					DA24DAAF2157977E006E3FE0 = {
						CreatedOnToolsVersion = 10.0;
					};
					DA24DAC321579780006E3FE0 = {
						CreatedOnToolsVersion = 10.0;
						TestTargetID = DA24DAAF2157977E006E3FE0;
					};
					DA24DACE21579780006E3FE0 = {
						CreatedOnToolsVersion = 10.0;
						TestTargetID = DA24DAAF2157977E006E3FE0;
					};
				};
			};
			buildConfigurationList = DA24DAAB2157977E006E3FE0 /* Build configuration list for PBXProject "TuriML" */;
			compatibilityVersion = "Xcode 9.3";
			developmentRegion = en;
			hasScannedForEncodings = 0;
			knownRegions = (
				en,
				Base,
			);
			mainGroup = DA24DAA72157977E006E3FE0;
			productRefGroup = DA24DAB12157977E006E3FE0 /* Products */;
			projectDirPath = "";
			projectRoot = "";
			targets = (
				DA24DAAF2157977E006E3FE0 /* TuriML */,
				DA24DAC321579780006E3FE0 /* TuriMLTests */,
				DA24DACE21579780006E3FE0 /* TuriMLUITests */,
			);
		};
/* End PBXProject section */

/* Begin PBXResourcesBuildPhase section */
		DA24DAAE2157977E006E3FE0 /* Resources */ = {
			isa = PBXResourcesBuildPhase;
			buildActionMask = 2147483647;
			files = (
				DA24DABE21579780006E3FE0 /* LaunchScreen.storyboard in Resources */,
				DA24DABB21579780006E3FE0 /* Assets.xcassets in Resources */,
				DA24DAB92157977E006E3FE0 /* Main.storyboard in Resources */,
			);
			runOnlyForDeploymentPostprocessing = 0;
		};
		DA24DAC221579780006E3FE0 /* Resources */ = {
			isa = PBXResourcesBuildPhase;
			buildActionMask = 2147483647;
			files = (
			);
			runOnlyForDeploymentPostprocessing = 0;
		};
		DA24DACD21579780006E3FE0 /* Resources */ = {
			isa = PBXResourcesBuildPhase;
			buildActionMask = 2147483647;
			files = (
			);
			runOnlyForDeploymentPostprocessing = 0;
		};
/* End PBXResourcesBuildPhase section */

/* Begin PBXSourcesBuildPhase section */
		DA24DAAC2157977E006E3FE0 /* Sources */ = {
			isa = PBXSourcesBuildPhase;
			buildActionMask = 2147483647;
			files = (
				DA24DAB62157977E006E3FE0 /* ViewController.swift in Sources */,
				DA24DAB42157977E006E3FE0 /* AppDelegate.swift in Sources */,
			);
			runOnlyForDeploymentPostprocessing = 0;
		};
		DA24DAC021579780006E3FE0 /* Sources */ = {
			isa = PBXSourcesBuildPhase;
			buildActionMask = 2147483647;
			files = (
				DA24DAC921579780006E3FE0 /* TuriMLTests.swift in Sources */,
			);
			runOnlyForDeploymentPostprocessing = 0;
		};
		DA24DACB21579780006E3FE0 /* Sources */ = {
			isa = PBXSourcesBuildPhase;
			buildActionMask = 2147483647;
			files = (
				DA24DAD421579780006E3FE0 /* TuriMLUITests.swift in Sources */,
			);
			runOnlyForDeploymentPostprocessing = 0;
		};
/* End PBXSourcesBuildPhase section */

/* Begin PBXTargetDependency section */
		DA24DAC621579780006E3FE0 /* PBXTargetDependency */ = {
			isa = PBXTargetDependency;
			target = DA24DAAF2157977E006E3FE0 /* TuriML */;
			targetProxy = DA24DAC521579780006E3FE0 /* PBXContainerItemProxy */;
		};
		DA24DAD121579780006E3FE0 /* PBXTargetDependency */ = {
			isa = PBXTargetDependency;
			target = DA24DAAF2157977E006E3FE0 /* TuriML */;
			targetProxy = DA24DAD021579780006E3FE0 /* PBXContainerItemProxy */;
		};
/* End PBXTargetDependency section */

/* Begin PBXVariantGroup section */
		DA24DAB72157977E006E3FE0 /* Main.storyboard */ = {
			isa = PBXVariantGroup;
			children = (
				DA24DAB82157977E006E3FE0 /* Base */,
			);
			name = Main.storyboard;
			sourceTree = "<group>";
		};
		DA24DABC21579780006E3FE0 /* LaunchScreen.storyboard */ = {
			isa = PBXVariantGroup;
			children = (
				DA24DABD21579780006E3FE0 /* Base */,
			);
			name = LaunchScreen.storyboard;
			sourceTree = "<group>";
		};
/* End PBXVariantGroup section */

/* Begin XCBuildConfiguration section */
		DA24DAD621579780006E3FE0 /* Debug */ = {
			isa = XCBuildConfiguration;
			buildSettings = {
				ALWAYS_SEARCH_USER_PATHS = NO;
				CLANG_ANALYZER_NONNULL = YES;
				CLANG_ANALYZER_NUMBER_OBJECT_CONVERSION = YES_AGGRESSIVE;
				CLANG_CXX_LANGUAGE_STANDARD = "gnu++14";
				CLANG_CXX_LIBRARY = "libc++";
				CLANG_ENABLE_MODULES = YES;
				CLANG_ENABLE_OBJC_ARC = YES;
				CLANG_ENABLE_OBJC_WEAK = YES;
				CLANG_WARN_BLOCK_CAPTURE_AUTORELEASING = YES;
				CLANG_WARN_BOOL_CONVERSION = YES;
				CLANG_WARN_COMMA = YES;
				CLANG_WARN_CONSTANT_CONVERSION = YES;
				CLANG_WARN_DEPRECATED_OBJC_IMPLEMENTATIONS = YES;
				CLANG_WARN_DIRECT_OBJC_ISA_USAGE = YES_ERROR;
				CLANG_WARN_DOCUMENTATION_COMMENTS = YES;
				CLANG_WARN_EMPTY_BODY = YES;
				CLANG_WARN_ENUM_CONVERSION = YES;
				CLANG_WARN_INFINITE_RECURSION = YES;
				CLANG_WARN_INT_CONVERSION = YES;
				CLANG_WARN_NON_LITERAL_NULL_CONVERSION = YES;
				CLANG_WARN_OBJC_IMPLICIT_RETAIN_SELF = YES;
				CLANG_WARN_OBJC_LITERAL_CONVERSION = YES;
				CLANG_WARN_OBJC_ROOT_CLASS = YES_ERROR;
				CLANG_WARN_RANGE_LOOP_ANALYSIS = YES;
				CLANG_WARN_STRICT_PROTOTYPES = YES;
				CLANG_WARN_SUSPICIOUS_MOVE = YES;
				CLANG_WARN_UNGUARDED_AVAILABILITY = YES_AGGRESSIVE;
				CLANG_WARN_UNREACHABLE_CODE = YES;
				CLANG_WARN__DUPLICATE_METHOD_MATCH = YES;
				CODE_SIGN_IDENTITY = "iPhone Developer";
				COPY_PHASE_STRIP = NO;
				DEBUG_INFORMATION_FORMAT = dwarf;
				ENABLE_STRICT_OBJC_MSGSEND = YES;
				ENABLE_TESTABILITY = YES;
				GCC_C_LANGUAGE_STANDARD = gnu11;
				GCC_DYNAMIC_NO_PIC = NO;
				GCC_NO_COMMON_BLOCKS = YES;
				GCC_OPTIMIZATION_LEVEL = 0;
				GCC_PREPROCESSOR_DEFINITIONS = (
					"DEBUG=1",
					"$(inherited)",
				);
				GCC_WARN_64_TO_32_BIT_CONVERSION = YES;
				GCC_WARN_ABOUT_RETURN_TYPE = YES_ERROR;
				GCC_WARN_UNDECLARED_SELECTOR = YES;
				GCC_WARN_UNINITIALIZED_AUTOS = YES_AGGRESSIVE;
				GCC_WARN_UNUSED_FUNCTION = YES;
				GCC_WARN_UNUSED_VARIABLE = YES;
				IPHONEOS_DEPLOYMENT_TARGET = 12.0;
				MTL_ENABLE_DEBUG_INFO = INCLUDE_SOURCE;
				MTL_FAST_MATH = YES;
				ONLY_ACTIVE_ARCH = YES;
				SDKROOT = iphoneos;
				SWIFT_ACTIVE_COMPILATION_CONDITIONS = DEBUG;
				SWIFT_OPTIMIZATION_LEVEL = "-Onone";
			};
			name = Debug;
		};
		DA24DAD721579780006E3FE0 /* Release */ = {
			isa = XCBuildConfiguration;
			buildSettings = {
				ALWAYS_SEARCH_USER_PATHS = NO;
				CLANG_ANALYZER_NONNULL = YES;
				CLANG_ANALYZER_NUMBER_OBJECT_CONVERSION = YES_AGGRESSIVE;
				CLANG_CXX_LANGUAGE_STANDARD = "gnu++14";
				CLANG_CXX_LIBRARY = "libc++";
				CLANG_ENABLE_MODULES = YES;
				CLANG_ENABLE_OBJC_ARC = YES;
				CLANG_ENABLE_OBJC_WEAK = YES;
				CLANG_WARN_BLOCK_CAPTURE_AUTORELEASING = YES;
				CLANG_WARN_BOOL_CONVERSION = YES;
				CLANG_WARN_COMMA = YES;
				CLANG_WARN_CONSTANT_CONVERSION = YES;
				CLANG_WARN_DEPRECATED_OBJC_IMPLEMENTATIONS = YES;
				CLANG_WARN_DIRECT_OBJC_ISA_USAGE = YES_ERROR;
				CLANG_WARN_DOCUMENTATION_COMMENTS = YES;
				CLANG_WARN_EMPTY_BODY = YES;
				CLANG_WARN_ENUM_CONVERSION = YES;
				CLANG_WARN_INFINITE_RECURSION = YES;
				CLANG_WARN_INT_CONVERSION = YES;
				CLANG_WARN_NON_LITERAL_NULL_CONVERSION = YES;
				CLANG_WARN_OBJC_IMPLICIT_RETAIN_SELF = YES;
				CLANG_WARN_OBJC_LITERAL_CONVERSION = YES;
				CLANG_WARN_OBJC_ROOT_CLASS = YES_ERROR;
				CLANG_WARN_RANGE_LOOP_ANALYSIS = YES;
				CLANG_WARN_STRICT_PROTOTYPES = YES;
				CLANG_WARN_SUSPICIOUS_MOVE = YES;
				CLANG_WARN_UNGUARDED_AVAILABILITY = YES_AGGRESSIVE;
				CLANG_WARN_UNREACHABLE_CODE = YES;
				CLANG_WARN__DUPLICATE_METHOD_MATCH = YES;
				CODE_SIGN_IDENTITY = "iPhone Developer";
				COPY_PHASE_STRIP = NO;
				DEBUG_INFORMATION_FORMAT = "dwarf-with-dsym";
				ENABLE_NS_ASSERTIONS = NO;
				ENABLE_STRICT_OBJC_MSGSEND = YES;
				GCC_C_LANGUAGE_STANDARD = gnu11;
				GCC_NO_COMMON_BLOCKS = YES;
				GCC_WARN_64_TO_32_BIT_CONVERSION = YES;
				GCC_WARN_ABOUT_RETURN_TYPE = YES_ERROR;
				GCC_WARN_UNDECLARED_SELECTOR = YES;
				GCC_WARN_UNINITIALIZED_AUTOS = YES_AGGRESSIVE;
				GCC_WARN_UNUSED_FUNCTION = YES;
				GCC_WARN_UNUSED_VARIABLE = YES;
				IPHONEOS_DEPLOYMENT_TARGET = 12.0;
				MTL_ENABLE_DEBUG_INFO = NO;
				MTL_FAST_MATH = YES;
				SDKROOT = iphoneos;
				SWIFT_COMPILATION_MODE = wholemodule;
				SWIFT_OPTIMIZATION_LEVEL = "-O";
				VALIDATE_PRODUCT = YES;
			};
			name = Release;
		};
		DA24DAD921579780006E3FE0 /* Debug */ = {
			isa = XCBuildConfiguration;
			buildSettings = {
				ASSETCATALOG_COMPILER_APPICON_NAME = AppIcon;
				CODE_SIGN_STYLE = Automatic;
				DEVELOPMENT_TEAM = 96UYVTQDND;
				INFOPLIST_FILE = TuriML/Info.plist;
				LD_RUNPATH_SEARCH_PATHS = (
					"$(inherited)",
					"@executable_path/Frameworks",
				);
				PRODUCT_BUNDLE_IDENTIFIER = de.poolzeit.TuriML;
				PRODUCT_NAME = "$(TARGET_NAME)";
				SWIFT_VERSION = 4.2;
				TARGETED_DEVICE_FAMILY = "1,2";
			};
			name = Debug;
		};
		DA24DADA21579780006E3FE0 /* Release */ = {
			isa = XCBuildConfiguration;
			buildSettings = {
				ASSETCATALOG_COMPILER_APPICON_NAME = AppIcon;
				CODE_SIGN_STYLE = Automatic;
				DEVELOPMENT_TEAM = 96UYVTQDND;
				INFOPLIST_FILE = TuriML/Info.plist;
				LD_RUNPATH_SEARCH_PATHS = (
					"$(inherited)",
					"@executable_path/Frameworks",
				);
				PRODUCT_BUNDLE_IDENTIFIER = de.poolzeit.TuriML;
				PRODUCT_NAME = "$(TARGET_NAME)";
				SWIFT_VERSION = 4.2;
				TARGETED_DEVICE_FAMILY = "1,2";
			};
			name = Release;
		};
		DA24DADC21579780006E3FE0 /* Debug */ = {
			isa = XCBuildConfiguration;
			buildSettings = {
				ALWAYS_EMBED_SWIFT_STANDARD_LIBRARIES = YES;
				BUNDLE_LOADER = "$(TEST_HOST)";
				CODE_SIGN_STYLE = Automatic;
				DEVELOPMENT_TEAM = 96UYVTQDND;
				INFOPLIST_FILE = TuriMLTests/Info.plist;
				LD_RUNPATH_SEARCH_PATHS = (
					"$(inherited)",
					"@executable_path/Frameworks",
					"@loader_path/Frameworks",
				);
				PRODUCT_BUNDLE_IDENTIFIER = de.poolzeit.TuriMLTests;
				PRODUCT_NAME = "$(TARGET_NAME)";
				SWIFT_VERSION = 4.2;
				TARGETED_DEVICE_FAMILY = "1,2";
				TEST_HOST = "$(BUILT_PRODUCTS_DIR)/TuriML.app/TuriML";
			};
			name = Debug;
		};
		DA24DADD21579780006E3FE0 /* Release */ = {
			isa = XCBuildConfiguration;
			buildSettings = {
				ALWAYS_EMBED_SWIFT_STANDARD_LIBRARIES = YES;
				BUNDLE_LOADER = "$(TEST_HOST)";
				CODE_SIGN_STYLE = Automatic;
				DEVELOPMENT_TEAM = 96UYVTQDND;
				INFOPLIST_FILE = TuriMLTests/Info.plist;
				LD_RUNPATH_SEARCH_PATHS = (
					"$(inherited)",
					"@executable_path/Frameworks",
					"@loader_path/Frameworks",
				);
				PRODUCT_BUNDLE_IDENTIFIER = de.poolzeit.TuriMLTests;
				PRODUCT_NAME = "$(TARGET_NAME)";
				SWIFT_VERSION = 4.2;
				TARGETED_DEVICE_FAMILY = "1,2";
				TEST_HOST = "$(BUILT_PRODUCTS_DIR)/TuriML.app/TuriML";
			};
			name = Release;
		};
		DA24DADF21579780006E3FE0 /* Debug */ = {
			isa = XCBuildConfiguration;
			buildSettings = {
				ALWAYS_EMBED_SWIFT_STANDARD_LIBRARIES = YES;
				CODE_SIGN_STYLE = Automatic;
				DEVELOPMENT_TEAM = 96UYVTQDND;
				INFOPLIST_FILE = TuriMLUITests/Info.plist;
				LD_RUNPATH_SEARCH_PATHS = (
					"$(inherited)",
					"@executable_path/Frameworks",
					"@loader_path/Frameworks",
				);
				PRODUCT_BUNDLE_IDENTIFIER = de.poolzeit.TuriMLUITests;
				PRODUCT_NAME = "$(TARGET_NAME)";
				SWIFT_VERSION = 4.2;
				TARGETED_DEVICE_FAMILY = "1,2";
				TEST_TARGET_NAME = TuriML;
			};
			name = Debug;
		};
		DA24DAE021579780006E3FE0 /* Release */ = {
			isa = XCBuildConfiguration;
			buildSettings = {
				ALWAYS_EMBED_SWIFT_STANDARD_LIBRARIES = YES;
				CODE_SIGN_STYLE = Automatic;
				DEVELOPMENT_TEAM = 96UYVTQDND;
				INFOPLIST_FILE = TuriMLUITests/Info.plist;
				LD_RUNPATH_SEARCH_PATHS = (
					"$(inherited)",
					"@executable_path/Frameworks",
					"@loader_path/Frameworks",
				);
				PRODUCT_BUNDLE_IDENTIFIER = de.poolzeit.TuriMLUITests;
				PRODUCT_NAME = "$(TARGET_NAME)";
				SWIFT_VERSION = 4.2;
				TARGETED_DEVICE_FAMILY = "1,2";
				TEST_TARGET_NAME = TuriML;
			};
			name = Release;
		};
/* End XCBuildConfiguration section */

/* Begin XCConfigurationList section */
		DA24DAAB2157977E006E3FE0 /* Build configuration list for PBXProject "TuriML" */ = {
			isa = XCConfigurationList;
			buildConfigurations = (
				DA24DAD621579780006E3FE0 /* Debug */,
				DA24DAD721579780006E3FE0 /* Release */,
			);
			defaultConfigurationIsVisible = 0;
			defaultConfigurationName = Release;
		};
		DA24DAD821579780006E3FE0 /* Build configuration list for PBXNativeTarget "TuriML" */ = {
			isa = XCConfigurationList;
			buildConfigurations = (
				DA24DAD921579780006E3FE0 /* Debug */,
				DA24DADA21579780006E3FE0 /* Release */,
			);
			defaultConfigurationIsVisible = 0;
			defaultConfigurationName = Release;
		};
		DA24DADB21579780006E3FE0 /* Build configuration list for PBXNativeTarget "TuriMLTests" */ = {
			isa = XCConfigurationList;
			buildConfigurations = (
				DA24DADC21579780006E3FE0 /* Debug */,
				DA24DADD21579780006E3FE0 /* Release */,
			);
			defaultConfigurationIsVisible = 0;
			defaultConfigurationName = Release;
		};
		DA24DADE21579780006E3FE0 /* Build configuration list for PBXNativeTarget "TuriMLUITests" */ = {
			isa = XCConfigurationList;
			buildConfigurations = (
				DA24DADF21579780006E3FE0 /* Debug */,
				DA24DAE021579780006E3FE0 /* Release */,
			);
			defaultConfigurationIsVisible = 0;
			defaultConfigurationName = Release;
		};
/* End XCConfigurationList section */
	};
	rootObject = DA24DAA82157977E006E3FE0 /* Project object */;
}
